PATH
  remote: .
  specs:
    sekrets (1.9.1)
      coerce (>= 0.0.3)
      fattr (>= 2.2.1)
      highline (>= 1.6.15)
      main (>= 5.1.1)
      map (>= 6.3.0)

GEM
  remote: https://rubygems.org/
  specs:
    arrayfields (4.9.2)
    chronic (0.10.2)
    coerce (0.0.8)
      chronic (>= 0.6.2)
    fattr (2.3.0)
    highline (1.7.8)
    main (6.2.2)
      arrayfields (~> 4.7, >= 4.7.4)
      chronic (~> 0.6, >= 0.6.2)
      fattr (~> 2.2, >= 2.2.0)
      map (~> 6.1, >= 6.1.0)
    map (6.6.0)

PLATFORMS
  ruby

DEPENDENCIES
  sekrets!

BUNDLED WITH
   1.14.6
